// !$*UTF8*$!
{
	archiveVersion = 1;
	classes = {
	};
	objectVersion = 48;
	objects = {

/* Begin PBXBuildFile section */
		8A093AA21FAA1BD5000D90F0 /* AppDelegate.swift in Sources */ = {isa = PBXBuildFile; fileRef = 8A093AA11FAA1BD5000D90F0 /* AppDelegate.swift */; };
		8A093AA61FAA1BD5000D90F0 /* ViewController.swift in Sources */ = {isa = PBXBuildFile; fileRef = 8A093AA51FAA1BD5000D90F0 /* ViewController.swift */; };
		8A093AA91FAA1BD5000D90F0 /* Main.storyboard in Resources */ = {isa = PBXBuildFile; fileRef = 8A093AA71FAA1BD5000D90F0 /* Main.storyboard */; };
		8A093AAB1FAA1BD5000D90F0 /* Assets.xcassets in Resources */ = {isa = PBXBuildFile; fileRef = 8A093AAA1FAA1BD5000D90F0 /* Assets.xcassets */; };
		8A093AAE1FAA1BD5000D90F0 /* LaunchScreen.storyboard in Resources */ = {isa = PBXBuildFile; fileRef = 8A093AAC1FAA1BD5000D90F0 /* LaunchScreen.storyboard */; };
		8AB3EC522031A1590093568E /* level_4_0_0.scn in Resources */ = {isa = PBXBuildFile; fileRef = 8AB3EC362031A1590093568E /* level_4_0_0.scn */; };
		8AB3EC532031A1590093568E /* level_4_0_0.mtl in Resources */ = {isa = PBXBuildFile; fileRef = 8AB3EC372031A1590093568E /* level_4_0_0.mtl */; };
		8AB3EC542031A1590093568E /* level_4_0_0_tex_0.jpg in Resources */ = {isa = PBXBuildFile; fileRef = 8AB3EC382031A1590093568E /* level_4_0_0_tex_0.jpg */; };
		8AB3EC552031A1590093568E /* level_3_0_0.mtl in Resources */ = {isa = PBXBuildFile; fileRef = 8AB3EC3A2031A1590093568E /* level_3_0_0.mtl */; };
		8AB3EC562031A1590093568E /* level_3_0_0.scn in Resources */ = {isa = PBXBuildFile; fileRef = 8AB3EC3B2031A1590093568E /* level_3_0_0.scn */; };
		8AB3EC572031A1590093568E /* level_3_0_0_tex_0.jpg in Resources */ = {isa = PBXBuildFile; fileRef = 8AB3EC3C2031A1590093568E /* level_3_0_0_tex_0.jpg */; };
		8AB3EC582031A1590093568E /* level_5_0_0_tex_1.jpg in Resources */ = {isa = PBXBuildFile; fileRef = 8AB3EC3F2031A1590093568E /* level_5_0_0_tex_1.jpg */; };
		8AB3EC592031A1590093568E /* level_5_0_0_tex_0.jpg in Resources */ = {isa = PBXBuildFile; fileRef = 8AB3EC402031A1590093568E /* level_5_0_0_tex_0.jpg */; };
		8AB3EC5A2031A1590093568E /* level_5_0_0.scn in Resources */ = {isa = PBXBuildFile; fileRef = 8AB3EC412031A1590093568E /* level_5_0_0.scn */; };
		8AB3EC5B2031A1590093568E /* level_5_0_0.mtl in Resources */ = {isa = PBXBuildFile; fileRef = 8AB3EC422031A1590093568E /* level_5_0_0.mtl */; };
		8AB3EC5C2031A1590093568E /* level_0_0_0.mtl in Resources */ = {isa = PBXBuildFile; fileRef = 8AB3EC442031A1590093568E /* level_0_0_0.mtl */; };
		8AB3EC5D2031A1590093568E /* level_0_0_0.scn in Resources */ = {isa = PBXBuildFile; fileRef = 8AB3EC452031A1590093568E /* level_0_0_0.scn */; };
		8AB3EC5E2031A1590093568E /* level_0_0_0_tex_0.jpg in Resources */ = {isa = PBXBuildFile; fileRef = 8AB3EC462031A1590093568E /* level_0_0_0_tex_0.jpg */; };
		8AB3EC5F2031A1590093568E /* level_6_0_32_tex_3.jpg in Resources */ = {isa = PBXBuildFile; fileRef = 8AB3EC482031A1590093568E /* level_6_0_32_tex_3.jpg */; };
		8AB3EC602031A1590093568E /* level_6_0_32_tex_2.jpg in Resources */ = {isa = PBXBuildFile; fileRef = 8AB3EC492031A1590093568E /* level_6_0_32_tex_2.jpg */; };
		8AB3EC612031A1590093568E /* level_6_0_32_tex_0.jpg in Resources */ = {isa = PBXBuildFile; fileRef = 8AB3EC4A2031A1590093568E /* level_6_0_32_tex_0.jpg */; };
		8AB3EC622031A1590093568E /* level_6_0_32_tex_1.jpg in Resources */ = {isa = PBXBuildFile; fileRef = 8AB3EC4B2031A1590093568E /* level_6_0_32_tex_1.jpg */; };
		8AB3EC632031A1590093568E /* level_6_0_32.mtl in Resources */ = {isa = PBXBuildFile; fileRef = 8AB3EC4C2031A1590093568E /* level_6_0_32.mtl */; };
		8AB3EC642031A1590093568E /* level_6_0_32.scn in Resources */ = {isa = PBXBuildFile; fileRef = 8AB3EC4D2031A1590093568E /* level_6_0_32.scn */; };
		8AB3EC652031A1590093568E /* level_1_0_0_tex_0.jpg in Resources */ = {isa = PBXBuildFile; fileRef = 8AB3EC4F2031A1590093568E /* level_1_0_0_tex_0.jpg */; };
		8AB3EC662031A1590093568E /* level_1_0_0.mtl in Resources */ = {isa = PBXBuildFile; fileRef = 8AB3EC502031A1590093568E /* level_1_0_0.mtl */; };
		8AB3EC672031A1590093568E /* level_1_0_0.scn in Resources */ = {isa = PBXBuildFile; fileRef = 8AB3EC512031A1590093568E /* level_1_0_0.scn */; };
		8AB3EC6B2031A4700093568E /* level_2_0_0.mtl in Resources */ = {isa = PBXBuildFile; fileRef = 8AB3EC682031A4700093568E /* level_2_0_0.mtl */; };
		8AB3EC6C2031A4700093568E /* level_2_0_0_tex_0.jpg in Resources */ = {isa = PBXBuildFile; fileRef = 8AB3EC692031A4700093568E /* level_2_0_0_tex_0.jpg */; };
		8AB3EC6F2031A4850093568E /* level_2_0_0.scn in Resources */ = {isa = PBXBuildFile; fileRef = 8AB3EC6E2031A47E0093568E /* level_2_0_0.scn */; };
/* End PBXBuildFile section */

/* Begin PBXFileReference section */
		8A093A9E1FAA1BD5000D90F0 /* ARSUSTech.app */ = {isa = PBXFileReference; explicitFileType = wrapper.application; includeInIndex = 0; path = ARSUSTech.app; sourceTree = BUILT_PRODUCTS_DIR; };
		8A093AA11FAA1BD5000D90F0 /* AppDelegate.swift */ = {isa = PBXFileReference; lastKnownFileType = sourcecode.swift; path = AppDelegate.swift; sourceTree = "<group>"; };
		8A093AA51FAA1BD5000D90F0 /* ViewController.swift */ = {isa = PBXFileReference; lastKnownFileType = sourcecode.swift; path = ViewController.swift; sourceTree = "<group>"; };
		8A093AA81FAA1BD5000D90F0 /* Base */ = {isa = PBXFileReference; lastKnownFileType = file.storyboard; name = Base; path = Base.lproj/Main.storyboard; sourceTree = "<group>"; };
		8A093AAA1FAA1BD5000D90F0 /* Assets.xcassets */ = {isa = PBXFileReference; lastKnownFileType = folder.assetcatalog; path = Assets.xcassets; sourceTree = "<group>"; };
		8A093AAD1FAA1BD5000D90F0 /* Base */ = {isa = PBXFileReference; lastKnownFileType = file.storyboard; name = Base; path = Base.lproj/LaunchScreen.storyboard; sourceTree = "<group>"; };
		8A093AAF1FAA1BD5000D90F0 /* Info.plist */ = {isa = PBXFileReference; lastKnownFileType = text.plist.xml; path = Info.plist; sourceTree = "<group>"; };
		8AB3EC362031A1590093568E /* level_4_0_0.scn */ = {isa = PBXFileReference; lastKnownFileType = file.bplist; path = level_4_0_0.scn; sourceTree = "<group>"; };
		8AB3EC372031A1590093568E /* level_4_0_0.mtl */ = {isa = PBXFileReference; fileEncoding = 4; lastKnownFileType = text; path = level_4_0_0.mtl; sourceTree = "<group>"; };
		8AB3EC382031A1590093568E /* level_4_0_0_tex_0.jpg */ = {isa = PBXFileReference; lastKnownFileType = image.jpeg; path = level_4_0_0_tex_0.jpg; sourceTree = "<group>"; };
		8AB3EC3A2031A1590093568E /* level_3_0_0.mtl */ = {isa = PBXFileReference; fileEncoding = 4; lastKnownFileType = text; path = level_3_0_0.mtl; sourceTree = "<group>"; };
		8AB3EC3B2031A1590093568E /* level_3_0_0.scn */ = {isa = PBXFileReference; lastKnownFileType = file.bplist; path = level_3_0_0.scn; sourceTree = "<group>"; };
		8AB3EC3C2031A1590093568E /* level_3_0_0_tex_0.jpg */ = {isa = PBXFileReference; lastKnownFileType = image.jpeg; path = level_3_0_0_tex_0.jpg; sourceTree = "<group>"; };
		8AB3EC3F2031A1590093568E /* level_5_0_0_tex_1.jpg */ = {isa = PBXFileReference; lastKnownFileType = image.jpeg; path = level_5_0_0_tex_1.jpg; sourceTree = "<group>"; };
		8AB3EC402031A1590093568E /* level_5_0_0_tex_0.jpg */ = {isa = PBXFileReference; lastKnownFileType = image.jpeg; path = level_5_0_0_tex_0.jpg; sourceTree = "<group>"; };
		8AB3EC412031A1590093568E /* level_5_0_0.scn */ = {isa = PBXFileReference; lastKnownFileType = file.bplist; path = level_5_0_0.scn; sourceTree = "<group>"; };
		8AB3EC422031A1590093568E /* level_5_0_0.mtl */ = {isa = PBXFileReference; fileEncoding = 4; lastKnownFileType = text; path = level_5_0_0.mtl; sourceTree = "<group>"; };
		8AB3EC442031A1590093568E /* level_0_0_0.mtl */ = {isa = PBXFileReference; fileEncoding = 4; lastKnownFileType = text; path = level_0_0_0.mtl; sourceTree = "<group>"; };
		8AB3EC452031A1590093568E /* level_0_0_0.scn */ = {isa = PBXFileReference; lastKnownFileType = file.bplist; path = level_0_0_0.scn; sourceTree = "<group>"; };
		8AB3EC462031A1590093568E /* level_0_0_0_tex_0.jpg */ = {isa = PBXFileReference; lastKnownFileType = image.jpeg; path = level_0_0_0_tex_0.jpg; sourceTree = "<group>"; };
		8AB3EC482031A1590093568E /* level_6_0_32_tex_3.jpg */ = {isa = PBXFileReference; lastKnownFileType = image.jpeg; path = level_6_0_32_tex_3.jpg; sourceTree = "<group>"; };
		8AB3EC492031A1590093568E /* level_6_0_32_tex_2.jpg */ = {isa = PBXFileReference; lastKnownFileType = image.jpeg; path = level_6_0_32_tex_2.jpg; sourceTree = "<group>"; };
		8AB3EC4A2031A1590093568E /* level_6_0_32_tex_0.jpg */ = {isa = PBXFileReference; lastKnownFileType = image.jpeg; path = level_6_0_32_tex_0.jpg; sourceTree = "<group>"; };
		8AB3EC4B2031A1590093568E /* level_6_0_32_tex_1.jpg */ = {isa = PBXFileReference; lastKnownFileType = image.jpeg; path = level_6_0_32_tex_1.jpg; sourceTree = "<group>"; };
		8AB3EC4C2031A1590093568E /* level_6_0_32.mtl */ = {isa = PBXFileReference; fileEncoding = 4; lastKnownFileType = text; path = level_6_0_32.mtl; sourceTree = "<group>"; };
		8AB3EC4D2031A1590093568E /* level_6_0_32.scn */ = {isa = PBXFileReference; lastKnownFileType = file.bplist; path = level_6_0_32.scn; sourceTree = "<group>"; };
		8AB3EC4F2031A1590093568E /* level_1_0_0_tex_0.jpg */ = {isa = PBXFileReference; lastKnownFileType = image.jpeg; path = level_1_0_0_tex_0.jpg; sourceTree = "<group>"; };
		8AB3EC502031A1590093568E /* level_1_0_0.mtl */ = {isa = PBXFileReference; fileEncoding = 4; lastKnownFileType = text; path = level_1_0_0.mtl; sourceTree = "<group>"; };
		8AB3EC512031A1590093568E /* level_1_0_0.scn */ = {isa = PBXFileReference; lastKnownFileType = file.bplist; path = level_1_0_0.scn; sourceTree = "<group>"; };
		8AB3EC682031A4700093568E /* level_2_0_0.mtl */ = {isa = PBXFileReference; fileEncoding = 4; lastKnownFileType = text; path = level_2_0_0.mtl; sourceTree = "<group>"; };
		8AB3EC692031A4700093568E /* level_2_0_0_tex_0.jpg */ = {isa = PBXFileReference; lastKnownFileType = image.jpeg; path = level_2_0_0_tex_0.jpg; sourceTree = "<group>"; };
		8AB3EC6E2031A47E0093568E /* level_2_0_0.scn */ = {isa = PBXFileReference; lastKnownFileType = file.bplist; path = level_2_0_0.scn; sourceTree = "<group>"; };
		8AB3EC702031B4F90093568E /* README.md */ = {isa = PBXFileReference; lastKnownFileType = net.daringfireball.markdown; path = README.md; sourceTree = "<group>"; };
/* End PBXFileReference section */

/* Begin PBXFrameworksBuildPhase section */
		8A093A9B1FAA1BD5000D90F0 /* Frameworks */ = {
			isa = PBXFrameworksBuildPhase;
			buildActionMask = 2147483647;
			files = (
			);
			runOnlyForDeploymentPostprocessing = 0;
		};
/* End PBXFrameworksBuildPhase section */

/* Begin PBXGroup section */
		8A093A951FAA1BD5000D90F0 = {
			isa = PBXGroup;
			children = (
				8AB3EC702031B4F90093568E /* README.md */,
				8A093AA01FAA1BD5000D90F0 /* ARSUSTech */,
				8A093A9F1FAA1BD5000D90F0 /* Products */,
			);
			sourceTree = "<group>";
		};
		8A093A9F1FAA1BD5000D90F0 /* Products */ = {
			isa = PBXGroup;
			children = (
				8A093A9E1FAA1BD5000D90F0 /* ARSUSTech.app */,
			);
			name = Products;
			sourceTree = "<group>";
		};
		8A093AA01FAA1BD5000D90F0 /* ARSUSTech */ = {
			isa = PBXGroup;
			children = (
				8AB3EC342031A1590093568E /* Models */,
				8A093AA11FAA1BD5000D90F0 /* AppDelegate.swift */,
				8A093AA51FAA1BD5000D90F0 /* ViewController.swift */,
				8A093AA71FAA1BD5000D90F0 /* Main.storyboard */,
				8A093AAA1FAA1BD5000D90F0 /* Assets.xcassets */,
				8A093AAC1FAA1BD5000D90F0 /* LaunchScreen.storyboard */,
				8A093AAF1FAA1BD5000D90F0 /* Info.plist */,
			);
			path = ARSUSTech;
			sourceTree = "<group>";
		};
		8AB3EC342031A1590093568E /* Models */ = {
			isa = PBXGroup;
			children = (
				8AB3EC432031A1590093568E /* Level0 */,
				8AB3EC4E2031A1590093568E /* Level1 */,
				8AB3EC3D2031A1590093568E /* Level2 */,
				8AB3EC392031A1590093568E /* Level3 */,
				8AB3EC352031A1590093568E /* Level4 */,
				8AB3EC3E2031A1590093568E /* Level5 */,
				8AB3EC472031A1590093568E /* Level6 */,
			);
			path = Models;
			sourceTree = "<group>";
		};
		8AB3EC352031A1590093568E /* Level4 */ = {
			isa = PBXGroup;
			children = (
				8AB3EC362031A1590093568E /* level_4_0_0.scn */,
				8AB3EC372031A1590093568E /* level_4_0_0.mtl */,
				8AB3EC382031A1590093568E /* level_4_0_0_tex_0.jpg */,
			);
			path = Level4;
			sourceTree = "<group>";
		};
		8AB3EC392031A1590093568E /* Level3 */ = {
			isa = PBXGroup;
			children = (
				8AB3EC3A2031A1590093568E /* level_3_0_0.mtl */,
				8AB3EC3B2031A1590093568E /* level_3_0_0.scn */,
				8AB3EC3C2031A1590093568E /* level_3_0_0_tex_0.jpg */,
			);
			path = Level3;
			sourceTree = "<group>";
		};
		8AB3EC3D2031A1590093568E /* Level2 */ = {
			isa = PBXGroup;
			children = (
				8AB3EC692031A4700093568E /* level_2_0_0_tex_0.jpg */,
				8AB3EC682031A4700093568E /* level_2_0_0.mtl */,
				8AB3EC6E2031A47E0093568E /* level_2_0_0.scn */,
			);
			path = Level2;
			sourceTree = "<group>";
		};
		8AB3EC3E2031A1590093568E /* Level5 */ = {
			isa = PBXGroup;
			children = (
				8AB3EC3F2031A1590093568E /* level_5_0_0_tex_1.jpg */,
				8AB3EC402031A1590093568E /* level_5_0_0_tex_0.jpg */,
				8AB3EC412031A1590093568E /* level_5_0_0.scn */,
				8AB3EC422031A1590093568E /* level_5_0_0.mtl */,
			);
			path = Level5;
			sourceTree = "<group>";
		};
		8AB3EC432031A1590093568E /* Level0 */ = {
			isa = PBXGroup;
			children = (
				8AB3EC442031A1590093568E /* level_0_0_0.mtl */,
				8AB3EC452031A1590093568E /* level_0_0_0.scn */,
				8AB3EC462031A1590093568E /* level_0_0_0_tex_0.jpg */,
			);
			path = Level0;
			sourceTree = "<group>";
		};
		8AB3EC472031A1590093568E /* Level6 */ = {
			isa = PBXGroup;
			children = (
				8AB3EC482031A1590093568E /* level_6_0_32_tex_3.jpg */,
				8AB3EC492031A1590093568E /* level_6_0_32_tex_2.jpg */,
				8AB3EC4A2031A1590093568E /* level_6_0_32_tex_0.jpg */,
				8AB3EC4B2031A1590093568E /* level_6_0_32_tex_1.jpg */,
				8AB3EC4C2031A1590093568E /* level_6_0_32.mtl */,
				8AB3EC4D2031A1590093568E /* level_6_0_32.scn */,
			);
			path = Level6;
			sourceTree = "<group>";
		};
		8AB3EC4E2031A1590093568E /* Level1 */ = {
			isa = PBXGroup;
			children = (
				8AB3EC4F2031A1590093568E /* level_1_0_0_tex_0.jpg */,
				8AB3EC502031A1590093568E /* level_1_0_0.mtl */,
				8AB3EC512031A1590093568E /* level_1_0_0.scn */,
			);
			path = Level1;
			sourceTree = "<group>";
		};
/* End PBXGroup section */

/* Begin PBXNativeTarget section */
		8A093A9D1FAA1BD5000D90F0 /* ARSUSTech */ = {
			isa = PBXNativeTarget;
			buildConfigurationList = 8A093AB21FAA1BD5000D90F0 /* Build configuration list for PBXNativeTarget "ARSUSTech" */;
			buildPhases = (
				8A093A9A1FAA1BD5000D90F0 /* Sources */,
				8A093A9B1FAA1BD5000D90F0 /* Frameworks */,
				8A093A9C1FAA1BD5000D90F0 /* Resources */,
				8A7CE12E1FACDB1D0087BC36 /* ShellScript */,
			);
			buildRules = (
			);
			dependencies = (
			);
			name = ARSUSTech;
			productName = ARSUSTech;
			productReference = 8A093A9E1FAA1BD5000D90F0 /* ARSUSTech.app */;
			productType = "com.apple.product-type.application";
		};
/* End PBXNativeTarget section */

/* Begin PBXProject section */
		8A093A961FAA1BD5000D90F0 /* Project object */ = {
			isa = PBXProject;
			attributes = {
				LastSwiftUpdateCheck = 0900;
				LastUpgradeCheck = 0900;
				ORGANIZATIONNAME = xieyi;
				TargetAttributes = {
					8A093A9D1FAA1BD5000D90F0 = {
						CreatedOnToolsVersion = 9.0.1;
						ProvisioningStyle = Automatic;
					};
				};
			};
			buildConfigurationList = 8A093A991FAA1BD5000D90F0 /* Build configuration list for PBXProject "ARSUSTech" */;
			compatibilityVersion = "Xcode 8.0";
			developmentRegion = en;
			hasScannedForEncodings = 0;
			knownRegions = (
				en,
				Base,
			);
			mainGroup = 8A093A951FAA1BD5000D90F0;
			productRefGroup = 8A093A9F1FAA1BD5000D90F0 /* Products */;
			projectDirPath = "";
			projectRoot = "";
			targets = (
				8A093A9D1FAA1BD5000D90F0 /* ARSUSTech */,
			);
		};
/* End PBXProject section */

/* Begin PBXResourcesBuildPhase section */
		8A093A9C1FAA1BD5000D90F0 /* Resources */ = {
			isa = PBXResourcesBuildPhase;
			buildActionMask = 2147483647;
			files = (
				8AB3EC542031A1590093568E /* level_4_0_0_tex_0.jpg in Resources */,
				8AB3EC632031A1590093568E /* level_6_0_32.mtl in Resources */,
				8AB3EC642031A1590093568E /* level_6_0_32.scn in Resources */,
				8AB3EC572031A1590093568E /* level_3_0_0_tex_0.jpg in Resources */,
				8AB3EC562031A1590093568E /* level_3_0_0.scn in Resources */,
				8AB3EC5A2031A1590093568E /* level_5_0_0.scn in Resources */,
				8AB3EC602031A1590093568E /* level_6_0_32_tex_2.jpg in Resources */,
				8AB3EC612031A1590093568E /* level_6_0_32_tex_0.jpg in Resources */,
				8AB3EC672031A1590093568E /* level_1_0_0.scn in Resources */,
				8AB3EC662031A1590093568E /* level_1_0_0.mtl in Resources */,
				8AB3EC652031A1590093568E /* level_1_0_0_tex_0.jpg in Resources */,
				8AB3EC552031A1590093568E /* level_3_0_0.mtl in Resources */,
				8AB3EC582031A1590093568E /* level_5_0_0_tex_1.jpg in Resources */,
				8AB3EC5D2031A1590093568E /* level_0_0_0.scn in Resources */,
				8AB3EC5B2031A1590093568E /* level_5_0_0.mtl in Resources */,
				8AB3EC6B2031A4700093568E /* level_2_0_0.mtl in Resources */,
				8AB3EC5E2031A1590093568E /* level_0_0_0_tex_0.jpg in Resources */,
				8AB3EC592031A1590093568E /* level_5_0_0_tex_0.jpg in Resources */,
				8AB3EC532031A1590093568E /* level_4_0_0.mtl in Resources */,
				8AB3EC622031A1590093568E /* level_6_0_32_tex_1.jpg in Resources */,
				8AB3EC6F2031A4850093568E /* level_2_0_0.scn in Resources */,
				8A093AAE1FAA1BD5000D90F0 /* LaunchScreen.storyboard in Resources */,
				8A093AAB1FAA1BD5000D90F0 /* Assets.xcassets in Resources */,
				8AB3EC522031A1590093568E /* level_4_0_0.scn in Resources */,
				8AB3EC6C2031A4700093568E /* level_2_0_0_tex_0.jpg in Resources */,
				8AB3EC5F2031A1590093568E /* level_6_0_32_tex_3.jpg in Resources */,
				8A093AA91FAA1BD5000D90F0 /* Main.storyboard in Resources */,
				8AB3EC5C2031A1590093568E /* level_0_0_0.mtl in Resources */,
			);
			runOnlyForDeploymentPostprocessing = 0;
		};
/* End PBXResourcesBuildPhase section */

/* Begin PBXShellScriptBuildPhase section */
		8A7CE12E1FACDB1D0087BC36 /* ShellScript */ = {
			isa = PBXShellScriptBuildPhase;
			buildActionMask = 2147483647;
			files = (
			);
			inputPaths = (
			);
			outputPaths = (
			);
			runOnlyForDeploymentPostprocessing = 0;
			shellPath = /bin/sh;
			shellScript = "# xcode-build-bump.sh\n# @desc Auto-increment the build number every time the project is run.\n# @usage\n# 1. Select: your Target in Xcode\n# 2. Select: Build Phases Tab\n# 3. Select: Add Build Phase -> Add Run Script\n# 4. Paste code below in to new \"Run Script\" section\n# 5. Drag the \"Run Script\" below \"Link Binaries With Libraries\"\n# 6. Insure that your starting build number is set to a whole integer and not a float (e.g. 1, not 1.0)\n\nbuildNumber=$(/usr/libexec/PlistBuddy -c \"Print CFBundleVersion\" \"${PROJECT_DIR}/${INFOPLIST_FILE}\")\nbuildNumber=$(($buildNumber + 1))\n/usr/libexec/PlistBuddy -c \"Set :CFBundleVersion $buildNumber\" \"${PROJECT_DIR}/${INFOPLIST_FILE}\"";
		};
/* End PBXShellScriptBuildPhase section */

/* Begin PBXSourcesBuildPhase section */
		8A093A9A1FAA1BD5000D90F0 /* Sources */ = {
			isa = PBXSourcesBuildPhase;
			buildActionMask = 2147483647;
			files = (
				8A093AA61FAA1BD5000D90F0 /* ViewController.swift in Sources */,
				8A093AA21FAA1BD5000D90F0 /* AppDelegate.swift in Sources */,
			);
			runOnlyForDeploymentPostprocessing = 0;
		};
/* End PBXSourcesBuildPhase section */

/* Begin PBXVariantGroup section */
		8A093AA71FAA1BD5000D90F0 /* Main.storyboard */ = {
			isa = PBXVariantGroup;
			children = (
				8A093AA81FAA1BD5000D90F0 /* Base */,
			);
			name = Main.storyboard;
			sourceTree = "<group>";
		};
		8A093AAC1FAA1BD5000D90F0 /* LaunchScreen.storyboard */ = {
			isa = PBXVariantGroup;
			children = (
				8A093AAD1FAA1BD5000D90F0 /* Base */,
			);
			name = LaunchScreen.storyboard;
			sourceTree = "<group>";
		};
/* End PBXVariantGroup section */

/* Begin XCBuildConfiguration section */
		8A093AB01FAA1BD5000D90F0 /* Debug */ = {
			isa = XCBuildConfiguration;
			buildSettings = {
				ALWAYS_SEARCH_USER_PATHS = NO;
				CLANG_ANALYZER_NONNULL = YES;
				CLANG_ANALYZER_NUMBER_OBJECT_CONVERSION = YES_AGGRESSIVE;
				CLANG_CXX_LANGUAGE_STANDARD = "gnu++14";
				CLANG_CXX_LIBRARY = "libc++";
				CLANG_ENABLE_MODULES = YES;
				CLANG_ENABLE_OBJC_ARC = YES;
				CLANG_WARN_BLOCK_CAPTURE_AUTORELEASING = YES;
				CLANG_WARN_BOOL_CONVERSION = YES;
				CLANG_WARN_COMMA = YES;
				CLANG_WARN_CONSTANT_CONVERSION = YES;
				CLANG_WARN_DIRECT_OBJC_ISA_USAGE = YES_ERROR;
				CLANG_WARN_DOCUMENTATION_COMMENTS = YES;
				CLANG_WARN_EMPTY_BODY = YES;
				CLANG_WARN_ENUM_CONVERSION = YES;
				CLANG_WARN_INFINITE_RECURSION = YES;
				CLANG_WARN_INT_CONVERSION = YES;
				CLANG_WARN_NON_LITERAL_NULL_CONVERSION = YES;
				CLANG_WARN_OBJC_LITERAL_CONVERSION = YES;
				CLANG_WARN_OBJC_ROOT_CLASS = YES_ERROR;
				CLANG_WARN_RANGE_LOOP_ANALYSIS = YES;
				CLANG_WARN_STRICT_PROTOTYPES = YES;
				CLANG_WARN_SUSPICIOUS_MOVE = YES;
				CLANG_WARN_UNGUARDED_AVAILABILITY = YES_AGGRESSIVE;
				CLANG_WARN_UNREACHABLE_CODE = YES;
				CLANG_WARN__DUPLICATE_METHOD_MATCH = YES;
				CODE_SIGN_IDENTITY = "iPhone Developer";
				COPY_PHASE_STRIP = NO;
				DEBUG_INFORMATION_FORMAT = dwarf;
				ENABLE_STRICT_OBJC_MSGSEND = YES;
				ENABLE_TESTABILITY = YES;
				GCC_C_LANGUAGE_STANDARD = gnu11;
				GCC_DYNAMIC_NO_PIC = NO;
				GCC_NO_COMMON_BLOCKS = YES;
				GCC_OPTIMIZATION_LEVEL = 0;
				GCC_PREPROCESSOR_DEFINITIONS = (
					"DEBUG=1",
					"$(inherited)",
				);
				GCC_WARN_64_TO_32_BIT_CONVERSION = YES;
				GCC_WARN_ABOUT_RETURN_TYPE = YES_ERROR;
				GCC_WARN_UNDECLARED_SELECTOR = YES;
				GCC_WARN_UNINITIALIZED_AUTOS = YES_AGGRESSIVE;
				GCC_WARN_UNUSED_FUNCTION = YES;
				GCC_WARN_UNUSED_VARIABLE = YES;
				IPHONEOS_DEPLOYMENT_TARGET = 11.0;
				MTL_ENABLE_DEBUG_INFO = YES;
				ONLY_ACTIVE_ARCH = YES;
				SDKROOT = iphoneos;
				SWIFT_ACTIVE_COMPILATION_CONDITIONS = DEBUG;
				SWIFT_OPTIMIZATION_LEVEL = "-Onone";
			};
			name = Debug;
		};
		8A093AB11FAA1BD5000D90F0 /* Release */ = {
			isa = XCBuildConfiguration;
			buildSettings = {
				ALWAYS_SEARCH_USER_PATHS = NO;
				CLANG_ANALYZER_NONNULL = YES;
				CLANG_ANALYZER_NUMBER_OBJECT_CONVERSION = YES_AGGRESSIVE;
				CLANG_CXX_LANGUAGE_STANDARD = "gnu++14";
				CLANG_CXX_LIBRARY = "libc++";
				CLANG_ENABLE_MODULES = YES;
				CLANG_ENABLE_OBJC_ARC = YES;
				CLANG_WARN_BLOCK_CAPTURE_AUTORELEASING = YES;
				CLANG_WARN_BOOL_CONVERSION = YES;
				CLANG_WARN_COMMA = YES;
				CLANG_WARN_CONSTANT_CONVERSION = YES;
				CLANG_WARN_DIRECT_OBJC_ISA_USAGE = YES_ERROR;
				CLANG_WARN_DOCUMENTATION_COMMENTS = YES;
				CLANG_WARN_EMPTY_BODY = YES;
				CLANG_WARN_ENUM_CONVERSION = YES;
				CLANG_WARN_INFINITE_RECURSION = YES;
				CLANG_WARN_INT_CONVERSION = YES;
				CLANG_WARN_NON_LITERAL_NULL_CONVERSION = YES;
				CLANG_WARN_OBJC_LITERAL_CONVERSION = YES;
				CLANG_WARN_OBJC_ROOT_CLASS = YES_ERROR;
				CLANG_WARN_RANGE_LOOP_ANALYSIS = YES;
				CLANG_WARN_STRICT_PROTOTYPES = YES;
				CLANG_WARN_SUSPICIOUS_MOVE = YES;
				CLANG_WARN_UNGUARDED_AVAILABILITY = YES_AGGRESSIVE;
				CLANG_WARN_UNREACHABLE_CODE = YES;
				CLANG_WARN__DUPLICATE_METHOD_MATCH = YES;
				CODE_SIGN_IDENTITY = "iPhone Developer";
				COPY_PHASE_STRIP = NO;
				DEBUG_INFORMATION_FORMAT = "dwarf-with-dsym";
				ENABLE_NS_ASSERTIONS = NO;
				ENABLE_STRICT_OBJC_MSGSEND = YES;
				GCC_C_LANGUAGE_STANDARD = gnu11;
				GCC_NO_COMMON_BLOCKS = YES;
				GCC_WARN_64_TO_32_BIT_CONVERSION = YES;
				GCC_WARN_ABOUT_RETURN_TYPE = YES_ERROR;
				GCC_WARN_UNDECLARED_SELECTOR = YES;
				GCC_WARN_UNINITIALIZED_AUTOS = YES_AGGRESSIVE;
				GCC_WARN_UNUSED_FUNCTION = YES;
				GCC_WARN_UNUSED_VARIABLE = YES;
				IPHONEOS_DEPLOYMENT_TARGET = 11.0;
				MTL_ENABLE_DEBUG_INFO = NO;
				SDKROOT = iphoneos;
				SWIFT_OPTIMIZATION_LEVEL = "-Owholemodule";
				VALIDATE_PRODUCT = YES;
			};
			name = Release;
		};
		8A093AB31FAA1BD5000D90F0 /* Debug */ = {
			isa = XCBuildConfiguration;
			buildSettings = {
				ASSETCATALOG_COMPILER_APPICON_NAME = AppIcon;
				CODE_SIGN_STYLE = Automatic;
				DEVELOPMENT_TEAM = 34A2STWT5M;
				INFOPLIST_FILE = ARSUSTech/Info.plist;
				LD_RUNPATH_SEARCH_PATHS = "$(inherited) @executable_path/Frameworks";
				PRODUCT_BUNDLE_IDENTIFIER = xieyi.ARSUSTech;
				PRODUCT_NAME = "$(TARGET_NAME)";
				SWIFT_VERSION = 4.0;
				TARGETED_DEVICE_FAMILY = "1,2";
			};
			name = Debug;
		};
		8A093AB41FAA1BD5000D90F0 /* Release */ = {
			isa = XCBuildConfiguration;
			buildSettings = {
				ASSETCATALOG_COMPILER_APPICON_NAME = AppIcon;
				CODE_SIGN_STYLE = Automatic;
				DEVELOPMENT_TEAM = 34A2STWT5M;
				INFOPLIST_FILE = ARSUSTech/Info.plist;
				LD_RUNPATH_SEARCH_PATHS = "$(inherited) @executable_path/Frameworks";
				PRODUCT_BUNDLE_IDENTIFIER = xieyi.ARSUSTech;
				PRODUCT_NAME = "$(TARGET_NAME)";
				SWIFT_VERSION = 4.0;
				TARGETED_DEVICE_FAMILY = "1,2";
			};
			name = Release;
		};
/* End XCBuildConfiguration section */

/* Begin XCConfigurationList section */
		8A093A991FAA1BD5000D90F0 /* Build configuration list for PBXProject "ARSUSTech" */ = {
			isa = XCConfigurationList;
			buildConfigurations = (
				8A093AB01FAA1BD5000D90F0 /* Debug */,
				8A093AB11FAA1BD5000D90F0 /* Release */,
			);
			defaultConfigurationIsVisible = 0;
			defaultConfigurationName = Release;
		};
		8A093AB21FAA1BD5000D90F0 /* Build configuration list for PBXNativeTarget "ARSUSTech" */ = {
			isa = XCConfigurationList;
			buildConfigurations = (
				8A093AB31FAA1BD5000D90F0 /* Debug */,
				8A093AB41FAA1BD5000D90F0 /* Release */,
			);
			defaultConfigurationIsVisible = 0;
			defaultConfigurationName = Release;
		};
/* End XCConfigurationList section */
	};
	rootObject = 8A093A961FAA1BD5000D90F0 /* Project object */;
}
